<Solution>
  <Project Path="CyberQuiz_API/CyberQuiz_API.csproj" />
  <Project Path="CyberQuiz_BLL/CyberQuiz_BLL.csproj" />
  <Project Path="CyberQuiz_DAL/CyberQuiz_DAL.csproj" />
  <Project Path="CyberQuiz_Shared/CyberQuiz_Shared.csproj" />
  <Project Path="CyberQuiz_UI_V2/CyberQuiz_UI_V2.csproj" Id="6223816d-d1fb-46c6-9c28-0b6e24ec91ee" />
</Solution>
